
Microsoft Visual Studio Solution File, Format Version 12.00
# Visual Studio Version 17
VisualStudioVersion = 17.5.33502.453
MinimumVisualStudioVersion = 10.0.40219.1
Project("{FAE04EC0-301F-11D3-BF4B-00C04F79EFBC}") = "tp2ejer9", "tp2ejer9\tp2ejer9.csproj", "{3F22A1DE-0E74-4D24-8886-2044B020D50C}"
EndProject
Global
	GlobalSection(SolutionConfigurationPlatforms) = preSolution
		Debug|Any CPU = Debug|Any CPU
		Release|Any CPU = Release|Any CPU
	EndGlobalSection
	GlobalSection(ProjectConfigurationPlatforms) = postSolution
		{3F22A1DE-0E74-4D24-8886-2044B020D50C}.Debug|Any CPU.ActiveCfg = Debug|Any CPU
		{3F22A1DE-0E74-4D24-8886-2044B020D50C}.Debug|Any CPU.Build.0 = Debug|Any CPU
		{3F22A1DE-0E74-4D24-8886-2044B020D50C}.Release|Any CPU.ActiveCfg = Release|Any CPU
		{3F22A1DE-0E74-4D24-8886-2044B020D50C}.Release|Any CPU.Build.0 = Release|Any CPU
	EndGlobalSection
	GlobalSection(SolutionProperties) = preSolution
		HideSolutionNode = FALSE
	EndGlobalSection
	GlobalSection(ExtensibilityGlobals) = postSolution
		SolutionGuid = {798292DF-8CE7-4A48-8EC1-26226C1D54A2}
	EndGlobalSection
EndGlobal
