
Microsoft Visual Studio Solution File, Format Version 12.00
# Visual Studio Version 17
VisualStudioVersion = 17.5.33502.453
MinimumVisualStudioVersion = 10.0.40219.1
Project("{FAE04EC0-301F-11D3-BF4B-00C04F79EFBC}") = "tp2ejer6", "tp2ejer6\tp2ejer6.csproj", "{0A0A1556-9C94-4419-BD01-C9231BB489A6}"
EndProject
Global
	GlobalSection(SolutionConfigurationPlatforms) = preSolution
		Debug|Any CPU = Debug|Any CPU
		Release|Any CPU = Release|Any CPU
	EndGlobalSection
	GlobalSection(ProjectConfigurationPlatforms) = postSolution
		{0A0A1556-9C94-4419-BD01-C9231BB489A6}.Debug|Any CPU.ActiveCfg = Debug|Any CPU
		{0A0A1556-9C94-4419-BD01-C9231BB489A6}.Debug|Any CPU.Build.0 = Debug|Any CPU
		{0A0A1556-9C94-4419-BD01-C9231BB489A6}.Release|Any CPU.ActiveCfg = Release|Any CPU
		{0A0A1556-9C94-4419-BD01-C9231BB489A6}.Release|Any CPU.Build.0 = Release|Any CPU
	EndGlobalSection
	GlobalSection(SolutionProperties) = preSolution
		HideSolutionNode = FALSE
	EndGlobalSection
	GlobalSection(ExtensibilityGlobals) = postSolution
		SolutionGuid = {59AC210E-196C-4186-A336-5B310D06A9CF}
	EndGlobalSection
EndGlobal
