
Microsoft Visual Studio Solution File, Format Version 12.00
# Visual Studio Version 17
VisualStudioVersion = 17.5.33502.453
MinimumVisualStudioVersion = 10.0.40219.1
Project("{FAE04EC0-301F-11D3-BF4B-00C04F79EFBC}") = "tp2ejer1", "tp2ejer1\tp2ejer1.csproj", "{13299769-F695-4025-9809-DB3355AB71A6}"
EndProject
Global
	GlobalSection(SolutionConfigurationPlatforms) = preSolution
		Debug|Any CPU = Debug|Any CPU
		Release|Any CPU = Release|Any CPU
	EndGlobalSection
	GlobalSection(ProjectConfigurationPlatforms) = postSolution
		{13299769-F695-4025-9809-DB3355AB71A6}.Debug|Any CPU.ActiveCfg = Debug|Any CPU
		{13299769-F695-4025-9809-DB3355AB71A6}.Debug|Any CPU.Build.0 = Debug|Any CPU
		{13299769-F695-4025-9809-DB3355AB71A6}.Release|Any CPU.ActiveCfg = Release|Any CPU
		{13299769-F695-4025-9809-DB3355AB71A6}.Release|Any CPU.Build.0 = Release|Any CPU
	EndGlobalSection
	GlobalSection(SolutionProperties) = preSolution
		HideSolutionNode = FALSE
	EndGlobalSection
	GlobalSection(ExtensibilityGlobals) = postSolution
		SolutionGuid = {9412353A-4139-4056-8EF3-70CA8981AEFF}
	EndGlobalSection
EndGlobal
