
Microsoft Visual Studio Solution File, Format Version 12.00
# Visual Studio Version 17
VisualStudioVersion = 17.5.33502.453
MinimumVisualStudioVersion = 10.0.40219.1
Project("{FAE04EC0-301F-11D3-BF4B-00C04F79EFBC}") = "tp2ejer13", "tp2ejer13\tp2ejer13.csproj", "{C458E349-AD84-490B-98FB-CC1DDF4D1B1E}"
EndProject
Global
	GlobalSection(SolutionConfigurationPlatforms) = preSolution
		Debug|Any CPU = Debug|Any CPU
		Release|Any CPU = Release|Any CPU
	EndGlobalSection
	GlobalSection(ProjectConfigurationPlatforms) = postSolution
		{C458E349-AD84-490B-98FB-CC1DDF4D1B1E}.Debug|Any CPU.ActiveCfg = Debug|Any CPU
		{C458E349-AD84-490B-98FB-CC1DDF4D1B1E}.Debug|Any CPU.Build.0 = Debug|Any CPU
		{C458E349-AD84-490B-98FB-CC1DDF4D1B1E}.Release|Any CPU.ActiveCfg = Release|Any CPU
		{C458E349-AD84-490B-98FB-CC1DDF4D1B1E}.Release|Any CPU.Build.0 = Release|Any CPU
	EndGlobalSection
	GlobalSection(SolutionProperties) = preSolution
		HideSolutionNode = FALSE
	EndGlobalSection
	GlobalSection(ExtensibilityGlobals) = postSolution
		SolutionGuid = {040C0F1B-DCD5-4A77-B0D1-8464BF6428FF}
	EndGlobalSection
EndGlobal
